
Microsoft Visual Studio Solution File, Format Version 12.00
# Visual Studio Version 16
VisualStudioVersion = 16.0.33423.256
MinimumVisualStudioVersion = 10.0.40219.1
Project("{FAE04EC0-301F-11D3-BF4B-00C04F79EFBC}") = "CoreApp", "CoreApp\CoreApp.csproj", "{5B36C40E-0A43-47A7-911D-2C8CC3490625}"
EndProject
Global
	GlobalSection(SolutionConfigurationPlatforms) = preSolution
		Debug|Any CPU = Debug|Any CPU
		Release|Any CPU = Release|Any CPU
	EndGlobalSection
	GlobalSection(ProjectConfigurationPlatforms) = postSolution
		{5B36C40E-0A43-47A7-911D-2C8CC3490625}.Debug|Any CPU.ActiveCfg = Debug|Any CPU
		{5B36C40E-0A43-47A7-911D-2C8CC3490625}.Debug|Any CPU.Build.0 = Debug|Any CPU
		{5B36C40E-0A43-47A7-911D-2C8CC3490625}.Release|Any CPU.ActiveCfg = Release|Any CPU
		{5B36C40E-0A43-47A7-911D-2C8CC3490625}.Release|Any CPU.Build.0 = Release|Any CPU
	EndGlobalSection
	GlobalSection(SolutionProperties) = preSolution
		HideSolutionNode = FALSE
	EndGlobalSection
	GlobalSection(ExtensibilityGlobals) = postSolution
		SolutionGuid = {777224D9-0889-4D4B-8CE4-3B4EF7BF6A73}
	EndGlobalSection
EndGlobal
