
Microsoft Visual Studio Solution File, Format Version 12.00
# Visual Studio Version 16
VisualStudioVersion = 16.0.33423.256
MinimumVisualStudioVersion = 10.0.40219.1
Project("{FAE04EC0-301F-11D3-BF4B-00C04F79EFBC}") = "CarInsurance", "CarInsurance\CarInsurance.csproj", "{3C0F0E6D-5C8F-455D-8E85-789D32A13941}"
EndProject
Global
	GlobalSection(SolutionConfigurationPlatforms) = preSolution
		Debug|Any CPU = Debug|Any CPU
		Release|Any CPU = Release|Any CPU
	EndGlobalSection
	GlobalSection(ProjectConfigurationPlatforms) = postSolution
		{3C0F0E6D-5C8F-455D-8E85-789D32A13941}.Debug|Any CPU.ActiveCfg = Debug|Any CPU
		{3C0F0E6D-5C8F-455D-8E85-789D32A13941}.Debug|Any CPU.Build.0 = Debug|Any CPU
		{3C0F0E6D-5C8F-455D-8E85-789D32A13941}.Release|Any CPU.ActiveCfg = Release|Any CPU
		{3C0F0E6D-5C8F-455D-8E85-789D32A13941}.Release|Any CPU.Build.0 = Release|Any CPU
	EndGlobalSection
	GlobalSection(SolutionProperties) = preSolution
		HideSolutionNode = FALSE
	EndGlobalSection
	GlobalSection(ExtensibilityGlobals) = postSolution
		SolutionGuid = {9C78EBBB-DAF9-45FF-ADDE-AAB91F30D7DD}
	EndGlobalSection
EndGlobal
